
Microsoft Visual Studio Solution File, Format Version 12.00
# Visual Studio Version 17
VisualStudioVersion = 17.4.33213.308
MinimumVisualStudioVersion = 10.0.40219.1
Project("{FAE04EC0-301F-11D3-BF4B-00C04F79EFBC}") = "ArenalClient", "ArenalClient\ArenalClient.csproj", "{5526AF4B-16C3-4107-942C-E902BBFDABD0}"
EndProject
Project("{9A19103F-16F7-4668-BE54-9A1E7A4F7556}") = "ArenalApiModel", "ArenalApiModel\ArenalApiModel.csproj", "{73469A3B-2EFF-4E1C-83E8-EB58EE5AA8D5}"
EndProject
Global
	GlobalSection(SolutionConfigurationPlatforms) = preSolution
		Debug|Any CPU = Debug|Any CPU
		Release|Any CPU = Release|Any CPU
	EndGlobalSection
	GlobalSection(ProjectConfigurationPlatforms) = postSolution
		{5526AF4B-16C3-4107-942C-E902BBFDABD0}.Debug|Any CPU.ActiveCfg = Debug|Any CPU
		{5526AF4B-16C3-4107-942C-E902BBFDABD0}.Debug|Any CPU.Build.0 = Debug|Any CPU
		{5526AF4B-16C3-4107-942C-E902BBFDABD0}.Release|Any CPU.ActiveCfg = Release|Any CPU
		{5526AF4B-16C3-4107-942C-E902BBFDABD0}.Release|Any CPU.Build.0 = Release|Any CPU
		{73469A3B-2EFF-4E1C-83E8-EB58EE5AA8D5}.Debug|Any CPU.ActiveCfg = Debug|Any CPU
		{73469A3B-2EFF-4E1C-83E8-EB58EE5AA8D5}.Debug|Any CPU.Build.0 = Debug|Any CPU
		{73469A3B-2EFF-4E1C-83E8-EB58EE5AA8D5}.Release|Any CPU.ActiveCfg = Release|Any CPU
		{73469A3B-2EFF-4E1C-83E8-EB58EE5AA8D5}.Release|Any CPU.Build.0 = Release|Any CPU
	EndGlobalSection
	GlobalSection(SolutionProperties) = preSolution
		HideSolutionNode = FALSE
	EndGlobalSection
	GlobalSection(ExtensibilityGlobals) = postSolution
		SolutionGuid = {0D96480D-AB96-4318-99EC-90C1F1A86B06}
	EndGlobalSection
EndGlobal
