
Microsoft Visual Studio Solution File, Format Version 12.00
# Visual Studio Version 17
VisualStudioVersion = 17.4.33213.308
MinimumVisualStudioVersion = 10.0.40219.1
Project("{9A19103F-16F7-4668-BE54-9A1E7A4F7556}") = "WebClient", "ArenalClient\WebClient.csproj", "{5526AF4B-16C3-4107-942C-E902BBFDABD0}"
EndProject
Project("{9A19103F-16F7-4668-BE54-9A1E7A4F7556}") = "Model", "ArenalApiModel\Model.csproj", "{73469A3B-2EFF-4E1C-83E8-EB58EE5AA8D5}"
EndProject
Project("{9A19103F-16F7-4668-BE54-9A1E7A4F7556}") = "CliTestApp", "CliTestApp\CliTestApp.csproj", "{AB000C57-9FD8-4F03-835A-9E6697E88A67}"
EndProject
Project("{9A19103F-16F7-4668-BE54-9A1E7A4F7556}") = "ModelTests", "ValidationTests\ModelTests.csproj", "{00380D24-72E2-46E5-8A0F-D8022FE4BEC1}"
EndProject
Project("{9A19103F-16F7-4668-BE54-9A1E7A4F7556}") = "ModelCli", "ModelCli\ModelCli.csproj", "{2C26C4F5-81CE-4A78-B0ED-2FC8E782C228}"
EndProject
Project("{2150E333-8FDC-42A3-9474-1A3956D46DE8}") = "Documentation", "Documentation", "{762141A5-F418-4762-B528-02293B6E2F66}"
EndProject
Project("{FAE04EC0-301F-11D3-BF4B-00C04F79EFBC}") = "Forms.Bg", "Forms.Bg\Forms.Bg.csproj", "{DDBA5701-D883-406B-8877-A864B33946E1}"
EndProject
Global
	GlobalSection(SolutionConfigurationPlatforms) = preSolution
		Debug|Any CPU = Debug|Any CPU
		Release|Any CPU = Release|Any CPU
	EndGlobalSection
	GlobalSection(ProjectConfigurationPlatforms) = postSolution
		{5526AF4B-16C3-4107-942C-E902BBFDABD0}.Debug|Any CPU.ActiveCfg = Debug|Any CPU
		{5526AF4B-16C3-4107-942C-E902BBFDABD0}.Debug|Any CPU.Build.0 = Debug|Any CPU
		{5526AF4B-16C3-4107-942C-E902BBFDABD0}.Release|Any CPU.ActiveCfg = Release|Any CPU
		{5526AF4B-16C3-4107-942C-E902BBFDABD0}.Release|Any CPU.Build.0 = Release|Any CPU
		{73469A3B-2EFF-4E1C-83E8-EB58EE5AA8D5}.Debug|Any CPU.ActiveCfg = Debug|Any CPU
		{73469A3B-2EFF-4E1C-83E8-EB58EE5AA8D5}.Debug|Any CPU.Build.0 = Debug|Any CPU
		{73469A3B-2EFF-4E1C-83E8-EB58EE5AA8D5}.Release|Any CPU.ActiveCfg = Release|Any CPU
		{73469A3B-2EFF-4E1C-83E8-EB58EE5AA8D5}.Release|Any CPU.Build.0 = Release|Any CPU
		{AB000C57-9FD8-4F03-835A-9E6697E88A67}.Debug|Any CPU.ActiveCfg = Debug|Any CPU
		{AB000C57-9FD8-4F03-835A-9E6697E88A67}.Debug|Any CPU.Build.0 = Debug|Any CPU
		{AB000C57-9FD8-4F03-835A-9E6697E88A67}.Release|Any CPU.ActiveCfg = Release|Any CPU
		{AB000C57-9FD8-4F03-835A-9E6697E88A67}.Release|Any CPU.Build.0 = Release|Any CPU
		{00380D24-72E2-46E5-8A0F-D8022FE4BEC1}.Debug|Any CPU.ActiveCfg = Debug|Any CPU
		{00380D24-72E2-46E5-8A0F-D8022FE4BEC1}.Debug|Any CPU.Build.0 = Debug|Any CPU
		{00380D24-72E2-46E5-8A0F-D8022FE4BEC1}.Release|Any CPU.ActiveCfg = Release|Any CPU
		{00380D24-72E2-46E5-8A0F-D8022FE4BEC1}.Release|Any CPU.Build.0 = Release|Any CPU
		{2C26C4F5-81CE-4A78-B0ED-2FC8E782C228}.Debug|Any CPU.ActiveCfg = Debug|Any CPU
		{2C26C4F5-81CE-4A78-B0ED-2FC8E782C228}.Debug|Any CPU.Build.0 = Debug|Any CPU
		{2C26C4F5-81CE-4A78-B0ED-2FC8E782C228}.Release|Any CPU.ActiveCfg = Release|Any CPU
		{2C26C4F5-81CE-4A78-B0ED-2FC8E782C228}.Release|Any CPU.Build.0 = Release|Any CPU
		{DDBA5701-D883-406B-8877-A864B33946E1}.Debug|Any CPU.ActiveCfg = Debug|Any CPU
		{DDBA5701-D883-406B-8877-A864B33946E1}.Debug|Any CPU.Build.0 = Debug|Any CPU
		{DDBA5701-D883-406B-8877-A864B33946E1}.Release|Any CPU.ActiveCfg = Release|Any CPU
		{DDBA5701-D883-406B-8877-A864B33946E1}.Release|Any CPU.Build.0 = Release|Any CPU
	EndGlobalSection
	GlobalSection(SolutionProperties) = preSolution
		HideSolutionNode = FALSE
	EndGlobalSection
	GlobalSection(ExtensibilityGlobals) = postSolution
		SolutionGuid = {0D96480D-AB96-4318-99EC-90C1F1A86B06}
	EndGlobalSection
EndGlobal
